{
  "name": "yield-pool-watcher",
  "version": "0.1.0",
  "lockfileVersion": 3,
  "requires": true,
  "packages": {
    "": {
      "name": "yield-pool-watcher",
      "version": "0.1.0",
      "license": "MIT",
      "dependencies": {
        "axios": "^1.7.7",
        "ethers": "^6.13.4",
        "zod": "^3.23.8"
      },
      "engines": {
        "node": ">=18.x"
      }
    },
    "node_modules/axios": {
      "version": "1.7.7",
      "resolved": "https://registry.npmjs.org/axios/-/axios-1.7.7.tgz",
      "integrity": "sha512-5m0g2TRJVaBK+zsbSWQfLuZsaXmDJN9+VxuJhfJrRqPHcP3TlkiHJP7dKkP6F2sR7s3jm7YMhFJPjLJQRPX2hLw==",
      "dependencies": {
        "follow-redirects": "^1.15.6",
        "form-data": "^4.0.0",
        "proxy-from-env": "^1.1.0"
      }
    },
    "node_modules/ethers": {
      "version": "6.13.4",
      "resolved": "https://registry.npmjs.org/ethers/-/ethers-6.13.4.tgz",
      "integrity": "sha512-21YtnZVg4/zKkCQPjrDj38B1r4nQvjZfXJPX1CM3baRAVQF70dsKdWWJp+GO8IjPP7M/RRN89GEW5P5GJ8/lF/Q==",
      "funding": [
        {
          "type": "individual",
          "url": "https://github.com/sponsors/ethers-io/"
        }
      ],
      "dependencies": {
        "@adraffy/ens-normalize": "1.11.0",
        "@noble/curves": "1.6.0",
        "@noble/hashes": "1.5.0",
        "tslib": "2.8.0"
      },
      "engines": {
        "node": ">=14.0.0"
      }
    },
    "node_modules/zod": {
      "version": "3.23.8",
      "resolved": "https://registry.npmjs.org/zod/-/zod-3.23.8.tgz",
      "integrity": "sha512-XBx9AXhXktjUqnepgTiE5flcKIYWi/rme0Eaj+5Y0lftuGBq+jyRu/md4WnuxqgP1ubdpNCsYEYPxrzVHD8d6bQ==",
      "funding": {
        "url": "https://github.com/sponsors/colinhacks"
      }
    }
  }
}
